
Microsoft Visual Studio Solution File, Format Version 12.00
# Visual Studio Version 17
VisualStudioVersion = 17.6.33717.318
MinimumVisualStudioVersion = 10.0.40219.1
Project("{9A19103F-16F7-4668-BE54-9A1E7A4F7556}") = "201_Dictionaries", "201_Multi-Dictionary\201_Dictionaries.csproj", "{8578B38C-CC6D-45B8-9C26-6F7540AB034A}"
EndProject
Project("{9A19103F-16F7-4668-BE54-9A1E7A4F7556}") = "202_Multi-Disctionaries", "202_Multi-Disctionaries\202_Multi-Disctionaries.csproj", "{DB8B94E0-602E-4262-BF56-150C6D15EBBA}"
EndProject
Project("{9A19103F-16F7-4668-BE54-9A1E7A4F7556}") = "101_Matrics", "101_Matrics\101_Matrics.csproj", "{A221DC44-E89A-4E6B-853C-3AEE3C00367E}"
EndProject
Project("{9A19103F-16F7-4668-BE54-9A1E7A4F7556}") = "102_JaggedArrays", "102_JaggedArrays\102_JaggedArrays.csproj", "{509096E3-84DA-444F-AE67-62B5088C65D2}"
EndProject
Project("{9A19103F-16F7-4668-BE54-9A1E7A4F7556}") = "103_SpiralMatrixEx", "103_SpiralMatrixEx\103_SpiralMatrixEx.csproj", "{9192B8DC-2D03-451E-BDBF-B891457CE0A9}"
EndProject
Project("{9A19103F-16F7-4668-BE54-9A1E7A4F7556}") = "203_Sets", "203_Sets\203_Sets.csproj", "{59B906B2-B3FE-4EA6-8A8C-5D7B5BE239D7}"
EndProject
Project("{9A19103F-16F7-4668-BE54-9A1E7A4F7556}") = "MyHashFunction", "204_MyHashFunction\MyHashFunction.csproj", "{D7BC08AC-D5B1-436A-B284-FE40B6E7D725}"
EndProject
Project("{9A19103F-16F7-4668-BE54-9A1E7A4F7556}") = "401_Classes", "401_Classes\401_Classes.csproj", "{041328A7-2AC8-4609-A9B6-B38E30FE327C}"
EndProject
Project("{FAE04EC0-301F-11D3-BF4B-00C04F79EFBC}") = "402_Students", "402_Students\402_Students.csproj", "{680C10AC-889F-43BD-8920-24A0ED7FF713}"
EndProject
Project("{FAE04EC0-301F-11D3-BF4B-00C04F79EFBC}") = "403_CarManufacurer", "403_CarManufacurer\403_CarManufacurer.csproj", "{4B305AE6-0AB1-43AF-8065-380F3D6F66A0}"
EndProject
Project("{FAE04EC0-301F-11D3-BF4B-00C04F79EFBC}") = "404_Enumerations", "405_Enumerations\404_Enumerations.csproj", "{1B7A54A5-5A5B-4F69-BA84-36807E3D1777}"
EndProject
Project("{FAE04EC0-301F-11D3-BF4B-00C04F79EFBC}") = "405_StaticClasses", "405_StaticClasses\405_StaticClasses.csproj", "{4F1AE4DC-6547-4DF1-8A7E-B89499B9DB27}"
EndProject
Project("{FAE04EC0-301F-11D3-BF4B-00C04F79EFBC}") = "413_BMWManufacturer", "414_BMWManufacturer\413_BMWManufacturer.csproj", "{EAB62A8C-196F-41CA-B123-1DD21EDDC5FB}"
EndProject
Project("{FAE04EC0-301F-11D3-BF4B-00C04F79EFBC}") = "301_FunctionalProgramming", "301_FunctionalProgramming\301_FunctionalProgramming.csproj", "{BF3A34A3-8524-451C-8587-30B84A04D2A3}"
EndProject
Project("{FAE04EC0-301F-11D3-BF4B-00C04F79EFBC}") = "302_LambdaExpressions", "LambdaExpressions\302_LambdaExpressions.csproj", "{A709B037-CD6F-4A63-8FCF-959F933E8FD7}"
EndProject
Project("{FAE04EC0-301F-11D3-BF4B-00C04F79EFBC}") = "303_LinQ", "303_LinQ\303_LinQ.csproj", "{D3A2783E-5BE3-404F-9C2A-861D915ADED7}"
EndProject
Project("{2150E333-8FDC-42A3-9474-1A3956D46DE8}") = "100_Matrics", "100_Matrics", "{10056482-F915-49C5-BEBA-D17633257086}"
EndProject
Project("{2150E333-8FDC-42A3-9474-1A3956D46DE8}") = "200_Sets-and-Dictionaries", "200_Sets-and-Dictionaries", "{23916227-1E31-450F-B8F5-B71714F6C206}"
EndProject
Project("{2150E333-8FDC-42A3-9474-1A3956D46DE8}") = "300_FuncProgramming", "300_FuncProgramming", "{B1186621-8629-429F-B072-CB0076FEAFCE}"
EndProject
Project("{2150E333-8FDC-42A3-9474-1A3956D46DE8}") = "400_Classes", "400_Classes", "{42C3A1A5-E4CA-4147-AFBD-EF7E20EFC7E5}"
EndProject
Global
	GlobalSection(SolutionConfigurationPlatforms) = preSolution
		Debug|Any CPU = Debug|Any CPU
		Release|Any CPU = Release|Any CPU
	EndGlobalSection
	GlobalSection(ProjectConfigurationPlatforms) = postSolution
		{8578B38C-CC6D-45B8-9C26-6F7540AB034A}.Debug|Any CPU.ActiveCfg = Debug|Any CPU
		{8578B38C-CC6D-45B8-9C26-6F7540AB034A}.Debug|Any CPU.Build.0 = Debug|Any CPU
		{8578B38C-CC6D-45B8-9C26-6F7540AB034A}.Release|Any CPU.ActiveCfg = Release|Any CPU
		{8578B38C-CC6D-45B8-9C26-6F7540AB034A}.Release|Any CPU.Build.0 = Release|Any CPU
		{DB8B94E0-602E-4262-BF56-150C6D15EBBA}.Debug|Any CPU.ActiveCfg = Debug|Any CPU
		{DB8B94E0-602E-4262-BF56-150C6D15EBBA}.Debug|Any CPU.Build.0 = Debug|Any CPU
		{DB8B94E0-602E-4262-BF56-150C6D15EBBA}.Release|Any CPU.ActiveCfg = Release|Any CPU
		{DB8B94E0-602E-4262-BF56-150C6D15EBBA}.Release|Any CPU.Build.0 = Release|Any CPU
		{A221DC44-E89A-4E6B-853C-3AEE3C00367E}.Debug|Any CPU.ActiveCfg = Debug|Any CPU
		{A221DC44-E89A-4E6B-853C-3AEE3C00367E}.Debug|Any CPU.Build.0 = Debug|Any CPU
		{A221DC44-E89A-4E6B-853C-3AEE3C00367E}.Release|Any CPU.ActiveCfg = Release|Any CPU
		{A221DC44-E89A-4E6B-853C-3AEE3C00367E}.Release|Any CPU.Build.0 = Release|Any CPU
		{509096E3-84DA-444F-AE67-62B5088C65D2}.Debug|Any CPU.ActiveCfg = Debug|Any CPU
		{509096E3-84DA-444F-AE67-62B5088C65D2}.Debug|Any CPU.Build.0 = Debug|Any CPU
		{509096E3-84DA-444F-AE67-62B5088C65D2}.Release|Any CPU.ActiveCfg = Release|Any CPU
		{509096E3-84DA-444F-AE67-62B5088C65D2}.Release|Any CPU.Build.0 = Release|Any CPU
		{9192B8DC-2D03-451E-BDBF-B891457CE0A9}.Debug|Any CPU.ActiveCfg = Debug|Any CPU
		{9192B8DC-2D03-451E-BDBF-B891457CE0A9}.Debug|Any CPU.Build.0 = Debug|Any CPU
		{9192B8DC-2D03-451E-BDBF-B891457CE0A9}.Release|Any CPU.ActiveCfg = Release|Any CPU
		{9192B8DC-2D03-451E-BDBF-B891457CE0A9}.Release|Any CPU.Build.0 = Release|Any CPU
		{59B906B2-B3FE-4EA6-8A8C-5D7B5BE239D7}.Debug|Any CPU.ActiveCfg = Debug|Any CPU
		{59B906B2-B3FE-4EA6-8A8C-5D7B5BE239D7}.Debug|Any CPU.Build.0 = Debug|Any CPU
		{59B906B2-B3FE-4EA6-8A8C-5D7B5BE239D7}.Release|Any CPU.ActiveCfg = Release|Any CPU
		{59B906B2-B3FE-4EA6-8A8C-5D7B5BE239D7}.Release|Any CPU.Build.0 = Release|Any CPU
		{D7BC08AC-D5B1-436A-B284-FE40B6E7D725}.Debug|Any CPU.ActiveCfg = Debug|Any CPU
		{D7BC08AC-D5B1-436A-B284-FE40B6E7D725}.Debug|Any CPU.Build.0 = Debug|Any CPU
		{D7BC08AC-D5B1-436A-B284-FE40B6E7D725}.Release|Any CPU.ActiveCfg = Release|Any CPU
		{D7BC08AC-D5B1-436A-B284-FE40B6E7D725}.Release|Any CPU.Build.0 = Release|Any CPU
		{041328A7-2AC8-4609-A9B6-B38E30FE327C}.Debug|Any CPU.ActiveCfg = Debug|Any CPU
		{041328A7-2AC8-4609-A9B6-B38E30FE327C}.Debug|Any CPU.Build.0 = Debug|Any CPU
		{041328A7-2AC8-4609-A9B6-B38E30FE327C}.Release|Any CPU.ActiveCfg = Release|Any CPU
		{041328A7-2AC8-4609-A9B6-B38E30FE327C}.Release|Any CPU.Build.0 = Release|Any CPU
		{680C10AC-889F-43BD-8920-24A0ED7FF713}.Debug|Any CPU.ActiveCfg = Debug|Any CPU
		{680C10AC-889F-43BD-8920-24A0ED7FF713}.Debug|Any CPU.Build.0 = Debug|Any CPU
		{680C10AC-889F-43BD-8920-24A0ED7FF713}.Release|Any CPU.ActiveCfg = Release|Any CPU
		{680C10AC-889F-43BD-8920-24A0ED7FF713}.Release|Any CPU.Build.0 = Release|Any CPU
		{4B305AE6-0AB1-43AF-8065-380F3D6F66A0}.Debug|Any CPU.ActiveCfg = Debug|Any CPU
		{4B305AE6-0AB1-43AF-8065-380F3D6F66A0}.Debug|Any CPU.Build.0 = Debug|Any CPU
		{4B305AE6-0AB1-43AF-8065-380F3D6F66A0}.Release|Any CPU.ActiveCfg = Release|Any CPU
		{4B305AE6-0AB1-43AF-8065-380F3D6F66A0}.Release|Any CPU.Build.0 = Release|Any CPU
		{1B7A54A5-5A5B-4F69-BA84-36807E3D1777}.Debug|Any CPU.ActiveCfg = Debug|Any CPU
		{1B7A54A5-5A5B-4F69-BA84-36807E3D1777}.Debug|Any CPU.Build.0 = Debug|Any CPU
		{1B7A54A5-5A5B-4F69-BA84-36807E3D1777}.Release|Any CPU.ActiveCfg = Release|Any CPU
		{1B7A54A5-5A5B-4F69-BA84-36807E3D1777}.Release|Any CPU.Build.0 = Release|Any CPU
		{4F1AE4DC-6547-4DF1-8A7E-B89499B9DB27}.Debug|Any CPU.ActiveCfg = Debug|Any CPU
		{4F1AE4DC-6547-4DF1-8A7E-B89499B9DB27}.Debug|Any CPU.Build.0 = Debug|Any CPU
		{4F1AE4DC-6547-4DF1-8A7E-B89499B9DB27}.Release|Any CPU.ActiveCfg = Release|Any CPU
		{4F1AE4DC-6547-4DF1-8A7E-B89499B9DB27}.Release|Any CPU.Build.0 = Release|Any CPU
		{EAB62A8C-196F-41CA-B123-1DD21EDDC5FB}.Debug|Any CPU.ActiveCfg = Debug|Any CPU
		{EAB62A8C-196F-41CA-B123-1DD21EDDC5FB}.Debug|Any CPU.Build.0 = Debug|Any CPU
		{EAB62A8C-196F-41CA-B123-1DD21EDDC5FB}.Release|Any CPU.ActiveCfg = Release|Any CPU
		{EAB62A8C-196F-41CA-B123-1DD21EDDC5FB}.Release|Any CPU.Build.0 = Release|Any CPU
		{BF3A34A3-8524-451C-8587-30B84A04D2A3}.Debug|Any CPU.ActiveCfg = Debug|Any CPU
		{BF3A34A3-8524-451C-8587-30B84A04D2A3}.Debug|Any CPU.Build.0 = Debug|Any CPU
		{BF3A34A3-8524-451C-8587-30B84A04D2A3}.Release|Any CPU.ActiveCfg = Release|Any CPU
		{BF3A34A3-8524-451C-8587-30B84A04D2A3}.Release|Any CPU.Build.0 = Release|Any CPU
		{A709B037-CD6F-4A63-8FCF-959F933E8FD7}.Debug|Any CPU.ActiveCfg = Debug|Any CPU
		{A709B037-CD6F-4A63-8FCF-959F933E8FD7}.Debug|Any CPU.Build.0 = Debug|Any CPU
		{A709B037-CD6F-4A63-8FCF-959F933E8FD7}.Release|Any CPU.ActiveCfg = Release|Any CPU
		{A709B037-CD6F-4A63-8FCF-959F933E8FD7}.Release|Any CPU.Build.0 = Release|Any CPU
		{D3A2783E-5BE3-404F-9C2A-861D915ADED7}.Debug|Any CPU.ActiveCfg = Debug|Any CPU
		{D3A2783E-5BE3-404F-9C2A-861D915ADED7}.Debug|Any CPU.Build.0 = Debug|Any CPU
		{D3A2783E-5BE3-404F-9C2A-861D915ADED7}.Release|Any CPU.ActiveCfg = Release|Any CPU
		{D3A2783E-5BE3-404F-9C2A-861D915ADED7}.Release|Any CPU.Build.0 = Release|Any CPU
	EndGlobalSection
	GlobalSection(SolutionProperties) = preSolution
		HideSolutionNode = FALSE
	EndGlobalSection
	GlobalSection(NestedProjects) = preSolution
		{8578B38C-CC6D-45B8-9C26-6F7540AB034A} = {23916227-1E31-450F-B8F5-B71714F6C206}
		{DB8B94E0-602E-4262-BF56-150C6D15EBBA} = {23916227-1E31-450F-B8F5-B71714F6C206}
		{A221DC44-E89A-4E6B-853C-3AEE3C00367E} = {10056482-F915-49C5-BEBA-D17633257086}
		{509096E3-84DA-444F-AE67-62B5088C65D2} = {10056482-F915-49C5-BEBA-D17633257086}
		{9192B8DC-2D03-451E-BDBF-B891457CE0A9} = {10056482-F915-49C5-BEBA-D17633257086}
		{59B906B2-B3FE-4EA6-8A8C-5D7B5BE239D7} = {23916227-1E31-450F-B8F5-B71714F6C206}
		{D7BC08AC-D5B1-436A-B284-FE40B6E7D725} = {23916227-1E31-450F-B8F5-B71714F6C206}
		{041328A7-2AC8-4609-A9B6-B38E30FE327C} = {42C3A1A5-E4CA-4147-AFBD-EF7E20EFC7E5}
		{680C10AC-889F-43BD-8920-24A0ED7FF713} = {42C3A1A5-E4CA-4147-AFBD-EF7E20EFC7E5}
		{4B305AE6-0AB1-43AF-8065-380F3D6F66A0} = {42C3A1A5-E4CA-4147-AFBD-EF7E20EFC7E5}
		{1B7A54A5-5A5B-4F69-BA84-36807E3D1777} = {42C3A1A5-E4CA-4147-AFBD-EF7E20EFC7E5}
		{4F1AE4DC-6547-4DF1-8A7E-B89499B9DB27} = {42C3A1A5-E4CA-4147-AFBD-EF7E20EFC7E5}
		{EAB62A8C-196F-41CA-B123-1DD21EDDC5FB} = {42C3A1A5-E4CA-4147-AFBD-EF7E20EFC7E5}
		{BF3A34A3-8524-451C-8587-30B84A04D2A3} = {B1186621-8629-429F-B072-CB0076FEAFCE}
		{A709B037-CD6F-4A63-8FCF-959F933E8FD7} = {B1186621-8629-429F-B072-CB0076FEAFCE}
		{D3A2783E-5BE3-404F-9C2A-861D915ADED7} = {B1186621-8629-429F-B072-CB0076FEAFCE}
	EndGlobalSection
	GlobalSection(ExtensibilityGlobals) = postSolution
		SolutionGuid = {D9DFC13E-A3D2-4805-8425-4AD1A88B925D}
	EndGlobalSection
EndGlobal
